// !$*UTF8*$!
{
	archiveVersion = 1;
	classes = {
	};
	objectVersion = 46;
	objects = {

/* Begin PBXBuildFile section */
		0352B238150DD6A2001FC755 /* Paper_texture1_960.jpg in Resources */ = {isa = PBXBuildFile; fileRef = 0352B237150DD6A2001FC755 /* Paper_texture1_960.jpg */; };
		0352B240150DDDAE001FC755 /* file_settings_32.png in Resources */ = {isa = PBXBuildFile; fileRef = 0352B23A150DDDAE001FC755 /* file_settings_32.png */; };
		0352B242150DDDAE001FC755 /* note_edit_32.png in Resources */ = {isa = PBXBuildFile; fileRef = 0352B23C150DDDAE001FC755 /* note_edit_32.png */; };
		0352B244150DDDAE001FC755 /* file_edit_32.png in Resources */ = {isa = PBXBuildFile; fileRef = 0352B23E150DDDAE001FC755 /* file_edit_32.png */; };
		03611F7A151B802500A524CB /* icon_2.png in Resources */ = {isa = PBXBuildFile; fileRef = 03611F79151B802500A524CB /* icon_2.png */; };
		036AD600150A2D6000A14931 /* line.png in Resources */ = {isa = PBXBuildFile; fileRef = 036AD5FF150A2D6000A14931 /* line.png */; };
		0388B4901509ABDB00AFEDB9 /* DDCustomCell.m in Sources */ = {isa = PBXBuildFile; fileRef = 0388B48F1509ABDB00AFEDB9 /* DDCustomCell.m */; };
		03B635F81508B8EB007255C8 /* NanumPen.ttf in Resources */ = {isa = PBXBuildFile; fileRef = 03B635F71508B8EB007255C8 /* NanumPen.ttf */; };
		03B96B11150CFD6C000AE5F2 /* iAd.framework in Frameworks */ = {isa = PBXBuildFile; fileRef = 03B96B10150CFD6C000AE5F2 /* iAd.framework */; };
		03CA5163151B7FF500C29F3A /* icon_1.png in Resources */ = {isa = PBXBuildFile; fileRef = 03CA5162151B7FF500C29F3A /* icon_1.png */; };
		03DF6FB41508619B005A5DC4 /* DDMainViewController.m in Sources */ = {isa = PBXBuildFile; fileRef = 03DF6FB31508619B005A5DC4 /* DDMainViewController.m */; };
		DB117DE21507395700CC8174 /* UIKit.framework in Frameworks */ = {isa = PBXBuildFile; fileRef = DB117DE11507395700CC8174 /* UIKit.framework */; };
		DB117DE41507395700CC8174 /* Foundation.framework in Frameworks */ = {isa = PBXBuildFile; fileRef = DB117DE31507395700CC8174 /* Foundation.framework */; };
		DB117DE61507395700CC8174 /* CoreGraphics.framework in Frameworks */ = {isa = PBXBuildFile; fileRef = DB117DE51507395700CC8174 /* CoreGraphics.framework */; };
		DB117DEC1507395700CC8174 /* InfoPlist.strings in Resources */ = {isa = PBXBuildFile; fileRef = DB117DEA1507395700CC8174 /* InfoPlist.strings */; };
		DB117DEE1507395700CC8174 /* main.m in Sources */ = {isa = PBXBuildFile; fileRef = DB117DED1507395700CC8174 /* main.m */; };
		DB117DF21507395700CC8174 /* DDAppDelegate.m in Sources */ = {isa = PBXBuildFile; fileRef = DB117DF11507395700CC8174 /* DDAppDelegate.m */; };
		DB117DF51507395700CC8174 /* MainStoryboard_iPhone.storyboard in Resources */ = {isa = PBXBuildFile; fileRef = DB117DF31507395700CC8174 /* MainStoryboard_iPhone.storyboard */; };
		DB117DF81507395700CC8174 /* MainStoryboard_iPad.storyboard in Resources */ = {isa = PBXBuildFile; fileRef = DB117DF61507395700CC8174 /* MainStoryboard_iPad.storyboard */; };
		DBAB7DF11509D78600C222FB /* EventKit.framework in Frameworks */ = {isa = PBXBuildFile; fileRef = DBAB7DF01509D78600C222FB /* EventKit.framework */; };
		DBFB073515074A7800844A72 /* DDToDoData.m in Sources */ = {isa = PBXBuildFile; fileRef = DBFB073415074A7800844A72 /* DDToDoData.m */; };
/* End PBXBuildFile section */

/* Begin PBXFileReference section */
		0352B237150DD6A2001FC755 /* Paper_texture1_960.jpg */ = {isa = PBXFileReference; lastKnownFileType = image.jpeg; path = Paper_texture1_960.jpg; sourceTree = "<group>"; };
		0352B23A150DDDAE001FC755 /* file_settings_32.png */ = {isa = PBXFileReference; lastKnownFileType = image.png; path = file_settings_32.png; sourceTree = "<group>"; };
		0352B23C150DDDAE001FC755 /* note_edit_32.png */ = {isa = PBXFileReference; lastKnownFileType = image.png; path = note_edit_32.png; sourceTree = "<group>"; };
		0352B23E150DDDAE001FC755 /* file_edit_32.png */ = {isa = PBXFileReference; lastKnownFileType = image.png; path = file_edit_32.png; sourceTree = "<group>"; };
		03611F79151B802500A524CB /* icon_2.png */ = {isa = PBXFileReference; lastKnownFileType = image.png; name = icon_2.png; path = ../icon_2.png; sourceTree = "<group>"; };
		036AD5FF150A2D6000A14931 /* line.png */ = {isa = PBXFileReference; lastKnownFileType = image.png; path = line.png; sourceTree = "<group>"; };
		0388B48E1509ABDA00AFEDB9 /* DDCustomCell.h */ = {isa = PBXFileReference; fileEncoding = 4; lastKnownFileType = sourcecode.c.h; path = DDCustomCell.h; sourceTree = "<group>"; };
		0388B48F1509ABDB00AFEDB9 /* DDCustomCell.m */ = {isa = PBXFileReference; fileEncoding = 4; lastKnownFileType = sourcecode.c.objc; path = DDCustomCell.m; sourceTree = "<group>"; };
		03B635F71508B8EB007255C8 /* NanumPen.ttf */ = {isa = PBXFileReference; lastKnownFileType = file; path = NanumPen.ttf; sourceTree = "<group>"; };
		03B96B10150CFD6C000AE5F2 /* iAd.framework */ = {isa = PBXFileReference; lastKnownFileType = wrapper.framework; name = iAd.framework; path = System/Library/Frameworks/iAd.framework; sourceTree = SDKROOT; };
		03CA5162151B7FF500C29F3A /* icon_1.png */ = {isa = PBXFileReference; lastKnownFileType = image.png; name = icon_1.png; path = ../icon_1.png; sourceTree = "<group>"; };
		03DF6FB21508619B005A5DC4 /* DDMainViewController.h */ = {isa = PBXFileReference; fileEncoding = 4; lastKnownFileType = sourcecode.c.h; path = DDMainViewController.h; sourceTree = "<group>"; };
		03DF6FB31508619B005A5DC4 /* DDMainViewController.m */ = {isa = PBXFileReference; fileEncoding = 4; lastKnownFileType = sourcecode.c.objc; path = DDMainViewController.m; sourceTree = "<group>"; };
		DB117DDD1507395700CC8174 /* ToDo Basic.app */ = {isa = PBXFileReference; explicitFileType = wrapper.application; includeInIndex = 0; path = "ToDo Basic.app"; sourceTree = BUILT_PRODUCTS_DIR; };
		DB117DE11507395700CC8174 /* UIKit.framework */ = {isa = PBXFileReference; lastKnownFileType = wrapper.framework; name = UIKit.framework; path = System/Library/Frameworks/UIKit.framework; sourceTree = SDKROOT; };
		DB117DE31507395700CC8174 /* Foundation.framework */ = {isa = PBXFileReference; lastKnownFileType = wrapper.framework; name = Foundation.framework; path = System/Library/Frameworks/Foundation.framework; sourceTree = SDKROOT; };
		DB117DE51507395700CC8174 /* CoreGraphics.framework */ = {isa = PBXFileReference; lastKnownFileType = wrapper.framework; name = CoreGraphics.framework; path = System/Library/Frameworks/CoreGraphics.framework; sourceTree = SDKROOT; };
		DB117DE91507395700CC8174 /* ToDo Basic-Info.plist */ = {isa = PBXFileReference; lastKnownFileType = text.plist.xml; path = "ToDo Basic-Info.plist"; sourceTree = "<group>"; };
		DB117DEB1507395700CC8174 /* en */ = {isa = PBXFileReference; lastKnownFileType = text.plist.strings; name = en; path = en.lproj/InfoPlist.strings; sourceTree = "<group>"; };
		DB117DED1507395700CC8174 /* main.m */ = {isa = PBXFileReference; lastKnownFileType = sourcecode.c.objc; path = main.m; sourceTree = "<group>"; };
		DB117DEF1507395700CC8174 /* ToDo Basic-Prefix.pch */ = {isa = PBXFileReference; lastKnownFileType = sourcecode.c.h; path = "ToDo Basic-Prefix.pch"; sourceTree = "<group>"; };
		DB117DF01507395700CC8174 /* DDAppDelegate.h */ = {isa = PBXFileReference; lastKnownFileType = sourcecode.c.h; path = DDAppDelegate.h; sourceTree = "<group>"; };
		DB117DF11507395700CC8174 /* DDAppDelegate.m */ = {isa = PBXFileReference; lastKnownFileType = sourcecode.c.objc; path = DDAppDelegate.m; sourceTree = "<group>"; };
		DB117DF41507395700CC8174 /* en */ = {isa = PBXFileReference; lastKnownFileType = file.storyboard; name = en; path = en.lproj/MainStoryboard_iPhone.storyboard; sourceTree = "<group>"; };
		DB117DF71507395700CC8174 /* en */ = {isa = PBXFileReference; lastKnownFileType = file.storyboard; name = en; path = en.lproj/MainStoryboard_iPad.storyboard; sourceTree = "<group>"; };
		DB117E021507395700CC8174 /* SenTestingKit.framework */ = {isa = PBXFileReference; lastKnownFileType = wrapper.framework; name = SenTestingKit.framework; path = Library/Frameworks/SenTestingKit.framework; sourceTree = DEVELOPER_DIR; };
		DBAB7DF01509D78600C222FB /* EventKit.framework */ = {isa = PBXFileReference; lastKnownFileType = wrapper.framework; name = EventKit.framework; path = System/Library/Frameworks/EventKit.framework; sourceTree = SDKROOT; };
		DBFB073315074A7800844A72 /* DDToDoData.h */ = {isa = PBXFileReference; fileEncoding = 4; lastKnownFileType = sourcecode.c.h; path = DDToDoData.h; sourceTree = "<group>"; };
		DBFB073415074A7800844A72 /* DDToDoData.m */ = {isa = PBXFileReference; fileEncoding = 4; lastKnownFileType = sourcecode.c.objc; path = DDToDoData.m; sourceTree = "<group>"; };
/* End PBXFileReference section */

/* Begin PBXFrameworksBuildPhase section */
		DB117DDA1507395700CC8174 /* Frameworks */ = {
			isa = PBXFrameworksBuildPhase;
			buildActionMask = 2147483647;
			files = (
				03B96B11150CFD6C000AE5F2 /* iAd.framework in Frameworks */,
				DBAB7DF11509D78600C222FB /* EventKit.framework in Frameworks */,
				DB117DE21507395700CC8174 /* UIKit.framework in Frameworks */,
				DB117DE41507395700CC8174 /* Foundation.framework in Frameworks */,
				DB117DE61507395700CC8174 /* CoreGraphics.framework in Frameworks */,
			);
			runOnlyForDeploymentPostprocessing = 0;
		};
/* End PBXFrameworksBuildPhase section */

/* Begin PBXGroup section */
		DB117DD21507395700CC8174 = {
			isa = PBXGroup;
			children = (
				DB117DE71507395700CC8174 /* ToDo Basic */,
				DB117DE01507395700CC8174 /* Frameworks */,
				DB117DDE1507395700CC8174 /* Products */,
			);
			sourceTree = "<group>";
		};
		DB117DDE1507395700CC8174 /* Products */ = {
			isa = PBXGroup;
			children = (
				DB117DDD1507395700CC8174 /* ToDo Basic.app */,
			);
			name = Products;
			sourceTree = "<group>";
		};
		DB117DE01507395700CC8174 /* Frameworks */ = {
			isa = PBXGroup;
			children = (
				03B96B10150CFD6C000AE5F2 /* iAd.framework */,
				DBAB7DF01509D78600C222FB /* EventKit.framework */,
				DB117DE11507395700CC8174 /* UIKit.framework */,
				DB117DE31507395700CC8174 /* Foundation.framework */,
				DB117DE51507395700CC8174 /* CoreGraphics.framework */,
				DB117E021507395700CC8174 /* SenTestingKit.framework */,
			);
			name = Frameworks;
			sourceTree = "<group>";
		};
		DB117DE71507395700CC8174 /* ToDo Basic */ = {
			isa = PBXGroup;
			children = (
				DB117DF01507395700CC8174 /* DDAppDelegate.h */,
				DB117DF11507395700CC8174 /* DDAppDelegate.m */,
				DB117DF31507395700CC8174 /* MainStoryboard_iPhone.storyboard */,
				DB117DF61507395700CC8174 /* MainStoryboard_iPad.storyboard */,
				03DF6FB21508619B005A5DC4 /* DDMainViewController.h */,
				03DF6FB31508619B005A5DC4 /* DDMainViewController.m */,
				0388B48E1509ABDA00AFEDB9 /* DDCustomCell.h */,
				0388B48F1509ABDB00AFEDB9 /* DDCustomCell.m */,
				DBFB073315074A7800844A72 /* DDToDoData.h */,
				DBFB073415074A7800844A72 /* DDToDoData.m */,
				DB117DE81507395700CC8174 /* Supporting Files */,
			);
			name = "ToDo Basic";
			path = DDooDo;
			sourceTree = "<group>";
		};
		DB117DE81507395700CC8174 /* Supporting Files */ = {
			isa = PBXGroup;
			children = (
				03CA5162151B7FF500C29F3A /* icon_1.png */,
				03611F79151B802500A524CB /* icon_2.png */,
				0352B23A150DDDAE001FC755 /* file_settings_32.png */,
				0352B23C150DDDAE001FC755 /* note_edit_32.png */,
				0352B23E150DDDAE001FC755 /* file_edit_32.png */,
				0352B237150DD6A2001FC755 /* Paper_texture1_960.jpg */,
				036AD5FF150A2D6000A14931 /* line.png */,
				03B635F71508B8EB007255C8 /* NanumPen.ttf */,
				DB117DE91507395700CC8174 /* ToDo Basic-Info.plist */,
				DB117DEA1507395700CC8174 /* InfoPlist.strings */,
				DB117DED1507395700CC8174 /* main.m */,
				DB117DEF1507395700CC8174 /* ToDo Basic-Prefix.pch */,
			);
			name = "Supporting Files";
			sourceTree = "<group>";
		};
/* End PBXGroup section */

/* Begin PBXNativeTarget section */
		DB117DDC1507395700CC8174 /* ToDo Basic */ = {
			isa = PBXNativeTarget;
			buildConfigurationList = DB117E131507395800CC8174 /* Build configuration list for PBXNativeTarget "ToDo Basic" */;
			buildPhases = (
				DB117DD91507395700CC8174 /* Sources */,
				DB117DDA1507395700CC8174 /* Frameworks */,
				DB117DDB1507395700CC8174 /* Resources */,
			);
			buildRules = (
			);
			dependencies = (
			);
			name = "ToDo Basic";
			productName = DDooDo;
			productReference = DB117DDD1507395700CC8174 /* ToDo Basic.app */;
			productType = "com.apple.product-type.application";
		};
/* End PBXNativeTarget section */

/* Begin PBXProject section */
		DB117DD41507395700CC8174 /* Project object */ = {
			isa = PBXProject;
			attributes = {
				CLASSPREFIX = DD;
				LastUpgradeCheck = 0430;
				ORGANIZATIONNAME = "nobird01@gmail.com";
			};
			buildConfigurationList = DB117DD71507395700CC8174 /* Build configuration list for PBXProject "ToDo Basic" */;
			compatibilityVersion = "Xcode 3.2";
			developmentRegion = English;
			hasScannedForEncodings = 0;
			knownRegions = (
				en,
			);
			mainGroup = DB117DD21507395700CC8174;
			productRefGroup = DB117DDE1507395700CC8174 /* Products */;
			projectDirPath = "";
			projectRoot = "";
			targets = (
				DB117DDC1507395700CC8174 /* ToDo Basic */,
			);
		};
/* End PBXProject section */

/* Begin PBXResourcesBuildPhase section */
		DB117DDB1507395700CC8174 /* Resources */ = {
			isa = PBXResourcesBuildPhase;
			buildActionMask = 2147483647;
			files = (
				DB117DEC1507395700CC8174 /* InfoPlist.strings in Resources */,
				DB117DF51507395700CC8174 /* MainStoryboard_iPhone.storyboard in Resources */,
				DB117DF81507395700CC8174 /* MainStoryboard_iPad.storyboard in Resources */,
				03B635F81508B8EB007255C8 /* NanumPen.ttf in Resources */,
				036AD600150A2D6000A14931 /* line.png in Resources */,
				0352B238150DD6A2001FC755 /* Paper_texture1_960.jpg in Resources */,
				0352B240150DDDAE001FC755 /* file_settings_32.png in Resources */,
				0352B242150DDDAE001FC755 /* note_edit_32.png in Resources */,
				0352B244150DDDAE001FC755 /* file_edit_32.png in Resources */,
				03CA5163151B7FF500C29F3A /* icon_1.png in Resources */,
				03611F7A151B802500A524CB /* icon_2.png in Resources */,
			);
			runOnlyForDeploymentPostprocessing = 0;
		};
/* End PBXResourcesBuildPhase section */

/* Begin PBXSourcesBuildPhase section */
		DB117DD91507395700CC8174 /* Sources */ = {
			isa = PBXSourcesBuildPhase;
			buildActionMask = 2147483647;
			files = (
				DB117DEE1507395700CC8174 /* main.m in Sources */,
				DB117DF21507395700CC8174 /* DDAppDelegate.m in Sources */,
				DBFB073515074A7800844A72 /* DDToDoData.m in Sources */,
				03DF6FB41508619B005A5DC4 /* DDMainViewController.m in Sources */,
				0388B4901509ABDB00AFEDB9 /* DDCustomCell.m in Sources */,
			);
			runOnlyForDeploymentPostprocessing = 0;
		};
/* End PBXSourcesBuildPhase section */

/* Begin PBXVariantGroup section */
		DB117DEA1507395700CC8174 /* InfoPlist.strings */ = {
			isa = PBXVariantGroup;
			children = (
				DB117DEB1507395700CC8174 /* en */,
			);
			name = InfoPlist.strings;
			sourceTree = "<group>";
		};
		DB117DF31507395700CC8174 /* MainStoryboard_iPhone.storyboard */ = {
			isa = PBXVariantGroup;
			children = (
				DB117DF41507395700CC8174 /* en */,
			);
			name = MainStoryboard_iPhone.storyboard;
			sourceTree = "<group>";
		};
		DB117DF61507395700CC8174 /* MainStoryboard_iPad.storyboard */ = {
			isa = PBXVariantGroup;
			children = (
				DB117DF71507395700CC8174 /* en */,
			);
			name = MainStoryboard_iPad.storyboard;
			sourceTree = "<group>";
		};
/* End PBXVariantGroup section */

/* Begin XCBuildConfiguration section */
		03FAB3D5150F2B4800ECB91C /* Distribution */ = {
			isa = XCBuildConfiguration;
			buildSettings = {
				ALWAYS_SEARCH_USER_PATHS = NO;
				ARCHS = "$(ARCHS_STANDARD_32_BIT)";
				CLANG_ENABLE_OBJC_ARC = YES;
				CODE_SIGN_IDENTITY = "iPhone Distribution: dongin lee";
				"CODE_SIGN_IDENTITY[sdk=iphoneos*]" = "iPhone Distribution";
				COPY_PHASE_STRIP = YES;
				GCC_C_LANGUAGE_STANDARD = gnu99;
				GCC_VERSION = com.apple.compilers.llvm.clang.1_0;
				GCC_WARN_ABOUT_RETURN_TYPE = YES;
				GCC_WARN_UNINITIALIZED_AUTOS = YES;
				GCC_WARN_UNUSED_VARIABLE = YES;
				IPHONEOS_DEPLOYMENT_TARGET = 5.0;
				OTHER_CFLAGS = "-DNS_BLOCK_ASSERTIONS=1";
				PROVISIONING_PROFILE = "2323AB6F-ABDA-47B2-ABDB-D22B4CAA4D08";
				"PROVISIONING_PROFILE[sdk=iphoneos*]" = "";
				SDKROOT = iphoneos;
				TARGETED_DEVICE_FAMILY = "1,2";
				VALIDATE_PRODUCT = YES;
			};
			name = Distribution;
		};
		03FAB3D6150F2B4800ECB91C /* Distribution */ = {
			isa = XCBuildConfiguration;
			buildSettings = {
				GCC_PRECOMPILE_PREFIX_HEADER = YES;
				GCC_PREFIX_HEADER = "DDooDo/ToDo Basic-Prefix.pch";
				INFOPLIST_FILE = "DDooDo/ToDo Basic-Info.plist";
				IPHONEOS_DEPLOYMENT_TARGET = 5.0;
				PRODUCT_NAME = "ToDo Basic";
				TARGETED_DEVICE_FAMILY = 1;
				WRAPPER_EXTENSION = app;
			};
			name = Distribution;
		};
		DB117E111507395800CC8174 /* Debug */ = {
			isa = XCBuildConfiguration;
			buildSettings = {
				ALWAYS_SEARCH_USER_PATHS = NO;
				ARCHS = "$(ARCHS_STANDARD_32_BIT)";
				CLANG_ENABLE_OBJC_ARC = YES;
				CODE_SIGN_IDENTITY = "iPhone Developer";
				"CODE_SIGN_IDENTITY[sdk=iphoneos*]" = "iPhone Developer";
				COPY_PHASE_STRIP = NO;
				GCC_C_LANGUAGE_STANDARD = gnu99;
				GCC_DYNAMIC_NO_PIC = NO;
				GCC_OPTIMIZATION_LEVEL = 0;
				GCC_PREPROCESSOR_DEFINITIONS = (
					"DEBUG=1",
					"$(inherited)",
				);
				GCC_SYMBOLS_PRIVATE_EXTERN = NO;
				GCC_VERSION = com.apple.compilers.llvm.clang.1_0;
				GCC_WARN_ABOUT_RETURN_TYPE = YES;
				GCC_WARN_UNINITIALIZED_AUTOS = YES;
				GCC_WARN_UNUSED_VARIABLE = YES;
				IPHONEOS_DEPLOYMENT_TARGET = 5.0;
				PROVISIONING_PROFILE = "";
				SDKROOT = iphoneos;
				TARGETED_DEVICE_FAMILY = "1,2";
			};
			name = Debug;
		};
		DB117E121507395800CC8174 /* Release */ = {
			isa = XCBuildConfiguration;
			buildSettings = {
				ALWAYS_SEARCH_USER_PATHS = NO;
				ARCHS = "$(ARCHS_STANDARD_32_BIT)";
				CLANG_ENABLE_OBJC_ARC = YES;
				CODE_SIGN_IDENTITY = "iPhone Developer";
				"CODE_SIGN_IDENTITY[sdk=iphoneos*]" = "iPhone Developer";
				COPY_PHASE_STRIP = YES;
				GCC_C_LANGUAGE_STANDARD = gnu99;
				GCC_VERSION = com.apple.compilers.llvm.clang.1_0;
				GCC_WARN_ABOUT_RETURN_TYPE = YES;
				GCC_WARN_UNINITIALIZED_AUTOS = YES;
				GCC_WARN_UNUSED_VARIABLE = YES;
				IPHONEOS_DEPLOYMENT_TARGET = 5.0;
				OTHER_CFLAGS = "-DNS_BLOCK_ASSERTIONS=1";
				PROVISIONING_PROFILE = "";
				SDKROOT = iphoneos;
				TARGETED_DEVICE_FAMILY = "1,2";
				VALIDATE_PRODUCT = YES;
			};
			name = Release;
		};
		DB117E141507395800CC8174 /* Debug */ = {
			isa = XCBuildConfiguration;
			buildSettings = {
				GCC_PRECOMPILE_PREFIX_HEADER = YES;
				GCC_PREFIX_HEADER = "DDooDo/ToDo Basic-Prefix.pch";
				INFOPLIST_FILE = "DDooDo/ToDo Basic-Info.plist";
				IPHONEOS_DEPLOYMENT_TARGET = 5.0;
				PRODUCT_NAME = "ToDo Basic";
				TARGETED_DEVICE_FAMILY = 1;
				WRAPPER_EXTENSION = app;
			};
			name = Debug;
		};
		DB117E151507395800CC8174 /* Release */ = {
			isa = XCBuildConfiguration;
			buildSettings = {
				GCC_PRECOMPILE_PREFIX_HEADER = YES;
				GCC_PREFIX_HEADER = "DDooDo/ToDo Basic-Prefix.pch";
				INFOPLIST_FILE = "DDooDo/ToDo Basic-Info.plist";
				IPHONEOS_DEPLOYMENT_TARGET = 5.0;
				PRODUCT_NAME = "ToDo Basic";
				TARGETED_DEVICE_FAMILY = 1;
				WRAPPER_EXTENSION = app;
			};
			name = Release;
		};
/* End XCBuildConfiguration section */

/* Begin XCConfigurationList section */
		DB117DD71507395700CC8174 /* Build configuration list for PBXProject "ToDo Basic" */ = {
			isa = XCConfigurationList;
			buildConfigurations = (
				DB117E111507395800CC8174 /* Debug */,
				DB117E121507395800CC8174 /* Release */,
				03FAB3D5150F2B4800ECB91C /* Distribution */,
			);
			defaultConfigurationIsVisible = 0;
			defaultConfigurationName = Release;
		};
		DB117E131507395800CC8174 /* Build configuration list for PBXNativeTarget "ToDo Basic" */ = {
			isa = XCConfigurationList;
			buildConfigurations = (
				DB117E141507395800CC8174 /* Debug */,
				DB117E151507395800CC8174 /* Release */,
				03FAB3D6150F2B4800ECB91C /* Distribution */,
			);
			defaultConfigurationIsVisible = 0;
			defaultConfigurationName = Release;
		};
/* End XCConfigurationList section */
	};
	rootObject = DB117DD41507395700CC8174 /* Project object */;
}
